PODS:
  - Alamofire (4.4.0)
  - AlamofireImage (3.2.0):
    - Alamofire (~> 4.1)
  - AlamofireNetworkActivityIndicator (2.1.0):
    - Alamofire (~> 4.1)
  - AlamofireObjectMapper (4.1.0):
    - Alamofire (~> 4.1)
    - ObjectMapper (~> 2.0)
  - Bolts (1.8.4):
    - Bolts/AppLinks (= 1.8.4)
    - Bolts/Tasks (= 1.8.4)
  - Bolts/AppLinks (1.8.4):
    - Bolts/Tasks
  - Bolts/Tasks (1.8.4)
  - ChameleonFramework/Default (2.1.0)
  - ChameleonFramework/Swift (2.1.0):
    - ChameleonFramework/Default
  - CZWeatherKit (2.2.7):
    - PINCache (~> 2.1)
  - FBSDKCoreKit (4.20.0):
    - Bolts (~> 1.7)
  - FBSDKLoginKit (4.20.0):
    - FBSDKCoreKit
  - FBSDKShareKit (4.20.0):
    - FBSDKCoreKit
  - GoogleMaps (2.2.0):
    - GoogleMaps/Maps (= 2.2.0)
  - GoogleMaps/Base (2.2.0)
  - GoogleMaps/Maps (2.2.0):
    - GoogleMaps/Base
  - GooglePlacePicker (2.2.0):
    - GoogleMaps (= 2.2.0)
    - GooglePlaces (= 2.2.0)
  - GooglePlaces (2.2.0):
    - GoogleMaps/Base (= 2.2.0)
  - HMSegmentedControl (1.5.3)
  - Hue (2.0.1)
  - Mapbox-iOS-SDK (3.4.2)
  - MapboxDirections.swift (0.8.0):
    - Polyline (~> 4.0)
  - MapboxGeocoder.swift (0.6.0)
  - MBProgressHUD (1.0.0)
  - MXPagerView (0.2.1)
  - MXParallaxHeader (0.6.1)
  - MXSegmentedPager (3.2.2):
    - HMSegmentedControl (= 1.5.3)
    - MXPagerView (= 0.2.1)
    - MXParallaxHeader (= 0.6.1)
  - ObjectMapper (2.2.5)
  - PINCache (2.3)
  - Polyline (4.0.0)
  - Realm (2.4.3):
    - Realm/Headers (= 2.4.3)
  - Realm/Headers (2.4.3)
  - RealmSwift (2.4.3):
    - Realm (= 2.4.3)
  - SnapKit (3.2.0)
  - Spring (1.0.3)
  - SwiftyJSON (3.1.4)
  - Whisper (4.0.0)

DEPENDENCIES:
  - Alamofire
  - AlamofireImage
  - AlamofireNetworkActivityIndicator
  - AlamofireObjectMapper
  - Bolts
  - ChameleonFramework/Swift (from `https://github.com/ViccAlexander/Chameleon.git`)
  - CZWeatherKit
  - FBSDKCoreKit
  - FBSDKLoginKit
  - FBSDKShareKit
  - GoogleMaps
  - GooglePlacePicker
  - GooglePlaces
  - Hue
  - Mapbox-iOS-SDK
  - MapboxDirections.swift
  - MapboxGeocoder.swift
  - MBProgressHUD
  - MXSegmentedPager
  - ObjectMapper
  - RealmSwift
  - SnapKit
  - Spring
  - SwiftyJSON
  - Whisper

EXTERNAL SOURCES:
  ChameleonFramework:
    :git: https://github.com/ViccAlexander/Chameleon.git

CHECKOUT OPTIONS:
  ChameleonFramework:
    :commit: acc480fbe023c6e5fe40f68593f4a70a8c4c7ad5
    :git: https://github.com/ViccAlexander/Chameleon.git

SPEC CHECKSUMS:
  Alamofire: dc44b1600b800eb63da6a19039a0083d62a6a62d
  AlamofireImage: 157ed682cc81d3b9db4fb90c1f12180ac552d93b
  AlamofireNetworkActivityIndicator: 4716f6554bdfb9c7cf13b1e0e3af21163129690a
  AlamofireObjectMapper: 435adc82f5b367679bd9e71c4974a54efd0b2521
  Bolts: 8a7995239dbe724f9cba2248b766d48b7ebdd322
  ChameleonFramework: d21a3cc247abfe5e37609a283a8238b03575cf64
  CZWeatherKit: e15848c63ac021a83ec92e8fc0011a4ada6bf2ed
  FBSDKCoreKit: 2d16979b28fe28c2b95af0d275ad5f9703c6c8de
  FBSDKLoginKit: a9d9391506c687e2304a590bf9312837fce7f375
  FBSDKShareKit: 1b91af62a603d67f392bc7fde63bc4a0705dde31
  GoogleMaps: 104c418d61ab8a05dff06ed0784c25ea9d37da45
  GooglePlacePicker: 345b1aabd42c9d6d9bf2369c1bae1234d903e764
  GooglePlaces: bca867d5e9da15384c794b945e4226848bc6e9d9
  HMSegmentedControl: 7c6145afb50f26cec5f3243082f6f12b9f41318f
  Hue: 354caec055fdc9d38b5ef33ca2e7224721843baf
  Mapbox-iOS-SDK: d2c567fee32d316044ec925c8bcfb74a92d57ec9
  MapboxDirections.swift: 242f12da1a6530f436d5fe5b4d9fc38cf2f9b1d0
  MapboxGeocoder.swift: dd6783c5262b4ebb1cf5f2662b56cea94a90f67d
  MBProgressHUD: 4890f671c94e8a0f3cf959aa731e9de2f036d71a
  MXPagerView: ede184b5191b2ed689ccf05a750a9978cce42414
  MXParallaxHeader: 858c403532ed933b381556a81ce333d7065ad182
  MXSegmentedPager: e15df1e335bdc9d86c39eee1e6b5f7ef1a22d7c3
  ObjectMapper: fb30f71e08470d1e5a20b199fafe1246281db898
  PINCache: ce36ed282031b92fc7733ffe831f474ff80fddc2
  Polyline: c6de7430bf6ff0bfff1f087343597b83b38fdb69
  Realm: e08d60b0048ccccd3949c8c28a92c4db5712d7e9
  RealmSwift: 30d49739ccb3385d201242736ca4dda56aec9dfc
  SnapKit: 1ca44df72cfa543218d177cb8aab029d10d86ea7
  Spring: 3f02b5dc3308572ef177b3cad0fa7bbc4b0706f7
  SwiftyJSON: c2842d878f95482ffceec5709abc3d05680c0220
  Whisper: 08be92623311f8e53201e62e17f6d7b9599a4714

PODFILE CHECKSUM: 6407a233824908c2be222866f3d229f35f0316d5

COCOAPODS: 1.2.0
