PODS:
  - Alamofire (3.4.1)
  - AlamofireImage (2.4.0):
    - Alamofire (~> 3.3)
  - AlamofireNetworkActivityIndicator (1.0.1):
    - Alamofire (~> 3.3)
  - Bolts (1.7.0):
    - Bolts/AppLinks (= 1.7.0)
    - Bolts/Tasks (= 1.7.0)
  - Bolts/AppLinks (1.7.0):
    - Bolts/Tasks
  - Bolts/Tasks (1.7.0)
  - ChameleonFramework/Default (2.1.0)
  - ChameleonFramework/Swift (2.1.0):
    - ChameleonFramework/Default
  - CZWeatherKit (2.2.7):
    - PINCache (~> 2.1)
  - FBSDKCoreKit (4.13.1):
    - Bolts (~> 1.7)
  - FBSDKLoginKit (4.13.1):
    - FBSDKCoreKit
  - FBSDKShareKit (4.13.1):
    - FBSDKCoreKit
  - GoogleMaps (1.13.2)
  - HMSegmentedControl (1.5.2)
  - Hue (1.1)
  - Mapbox-iOS-SDK (3.2.3)
  - MapboxDirections.swift (0.6.0):
    - Polyline (~> 3.2)
  - MapboxGeocoder.swift (0.5.0)
  - MBProgressHUD (0.9.2)
  - MXPagerView (0.1.3)
  - MXParallaxHeader (0.5.1)
  - MXSegmentedPager (3.0.5):
    - HMSegmentedControl (~> 1.5.2)
    - MXPagerView (~> 0.1.3)
    - MXParallaxHeader (~> 0.5.1)
  - Pantry (0.2.1)
  - PINCache (2.2.2)
  - Polyline (3.2.1)
  - SnapKit (0.21.1)
  - Spring (1.0.3)
  - SwiftyJSON (2.3.2)
  - Whisper (3.0.0)

DEPENDENCIES:
  - Alamofire
  - AlamofireImage
  - AlamofireNetworkActivityIndicator
  - Bolts
  - ChameleonFramework/Swift
  - CZWeatherKit
  - FBSDKCoreKit
  - FBSDKLoginKit
  - FBSDKShareKit
  - GoogleMaps
  - Hue
  - Mapbox-iOS-SDK
  - MapboxDirections.swift (from `https://github.com/mapbox/MapboxDirections.swift.git`, tag `v0.6.0`)
  - MapboxGeocoder.swift (from `https://github.com/mapbox/MapboxGeocoder.swift.git`, tag `v0.5.0`)
  - MBProgressHUD
  - MXSegmentedPager
  - Pantry
  - SnapKit
  - Spring (from `https://github.com/MengTo/Spring.git`, branch `master`)
  - SwiftyJSON
  - Whisper

EXTERNAL SOURCES:
  MapboxDirections.swift:
    :git: https://github.com/mapbox/MapboxDirections.swift.git
    :tag: v0.6.0
  MapboxGeocoder.swift:
    :git: https://github.com/mapbox/MapboxGeocoder.swift.git
    :tag: v0.5.0
  Spring:
    :branch: master
    :git: https://github.com/MengTo/Spring.git

CHECKOUT OPTIONS:
  MapboxDirections.swift:
    :git: https://github.com/mapbox/MapboxDirections.swift.git
    :tag: v0.6.0
  MapboxGeocoder.swift:
    :git: https://github.com/mapbox/MapboxGeocoder.swift.git
    :tag: v0.5.0
  Spring:
    :commit: 7bf7ef55e8e936d83b318a74650992898899a526
    :git: https://github.com/MengTo/Spring.git

SPEC CHECKSUMS:
  Alamofire: 01a82e2f6c0f860ade35534c8dd88be61bdef40c
  AlamofireImage: 87408b652e0f5ae5fe364035f15aea8b9b24c77e
  AlamofireNetworkActivityIndicator: 49a6e39afb947136f7b1872bae2d684957c26697
  Bolts: a0058fa3b331c5a1e4402d534f2dae36dbff31e4
  ChameleonFramework: d21a3cc247abfe5e37609a283a8238b03575cf64
  CZWeatherKit: e15848c63ac021a83ec92e8fc0011a4ada6bf2ed
  FBSDKCoreKit: 2807fe0da2ddb49a1469da6d6ff597f99912980f
  FBSDKLoginKit: 6d350cb6a22d6956e9d078885de6ee8a0ebc51b4
  FBSDKShareKit: c9438df7573b33780ac8c3451201c5ebb260ffca
  GoogleMaps: b20a103ff307f58392e603cf142e59d7e30374c1
  HMSegmentedControl: 83b9686022d2176fb6457d2bdb61e5d6393fed7d
  Hue: ed6781be844b58b2a38150cfd4bf24c33449faf8
  Mapbox-iOS-SDK: 120e8a140e9cd4adae8227340dd89f5cc3850259
  MapboxDirections.swift: 144cefb4386d419f916ce27928834c28bbaafb4f
  MapboxGeocoder.swift: 4fbe12e42458db895ff73739c69743c943d0824e
  MBProgressHUD: 1569cf7ace17a8bac47aabfbb8580a49690386d1
  MXPagerView: db0c020aeada6a0c704f18f8053468560e346982
  MXParallaxHeader: b40fabd42d1bb76f6d1a713ceae5628f69241bd6
  MXSegmentedPager: 0f8ef591d510dc8b5531219d6f3bbaaacf3eb305
  Pantry: 433931c8f545dd3426ca7d09a4edd5afa89c6e01
  PINCache: 078426d356ab95ef875e9e62e5c35a2ea3333c28
  Polyline: 4579e57a62a5e876944c41884194e24ab7021d89
  SnapKit: bbad04cb016c7cead63965f16b00c09318d271ee
  Spring: 3f02b5dc3308572ef177b3cad0fa7bbc4b0706f7
  SwiftyJSON: 04ccea08915aa0109039157c7974cf0298da292a
  Whisper: 42a3ee7c2936f861b23d41bd6cd7dfd22f102405

PODFILE CHECKSUM: 5fb9c8a476076382286b99fba4ab2cf509d4421b

COCOAPODS: 1.0.0
