// !$*UTF8*$!
{
	archiveVersion = 1;
	classes = {
	};
	objectVersion = 46;
	objects = {

/* Begin PBXBuildFile section */
		B1BC5F3F9390FA6571B87A27 /* Pods_Plango.framework in Frameworks */ = {isa = PBXBuildFile; fileRef = 9EAE4A8321BC528617A5558B /* Pods_Plango.framework */; };
		C30C2FE91CBAEF2C00411B8E /* Formatter.swift in Sources */ = {isa = PBXBuildFile; fileRef = C30C2FE81CBAEF2C00411B8E /* Formatter.swift */; };
		C31AC41C1CADD7150032230E /* Plango.swift in Sources */ = {isa = PBXBuildFile; fileRef = C31AC4181CADD7150032230E /* Plango.swift */; };
		C31AC41D1CADD7150032230E /* Extensions.swift in Sources */ = {isa = PBXBuildFile; fileRef = C31AC4191CADD7150032230E /* Extensions.swift */; };
		C31AC41E1CADD7150032230E /* GlobalEnums.swift in Sources */ = {isa = PBXBuildFile; fileRef = C31AC41A1CADD7150032230E /* GlobalEnums.swift */; };
		C31AC41F1CADD7150032230E /* Helper.swift in Sources */ = {isa = PBXBuildFile; fileRef = C31AC41B1CADD7150032230E /* Helper.swift */; };
		C31AC4211CADD7520032230E /* SelectionLayer.swift in Sources */ = {isa = PBXBuildFile; fileRef = C31AC4201CADD7520032230E /* SelectionLayer.swift */; };
		C3237E261CADC402008293D6 /* AppDelegate.swift in Sources */ = {isa = PBXBuildFile; fileRef = C3237E251CADC402008293D6 /* AppDelegate.swift */; };
		C3237E2B1CADC402008293D6 /* Main.storyboard in Resources */ = {isa = PBXBuildFile; fileRef = C3237E291CADC402008293D6 /* Main.storyboard */; };
		C3237E2D1CADC402008293D6 /* Assets.xcassets in Resources */ = {isa = PBXBuildFile; fileRef = C3237E2C1CADC402008293D6 /* Assets.xcassets */; };
		C3237E301CADC402008293D6 /* LaunchScreen.storyboard in Resources */ = {isa = PBXBuildFile; fileRef = C3237E2E1CADC402008293D6 /* LaunchScreen.storyboard */; };
		C33730391CDFFE3000F57B47 /* SummaryStart.xib in Resources */ = {isa = PBXBuildFile; fileRef = C33730381CDFFE3000F57B47 /* SummaryStart.xib */; };
		C337303B1CE06C9C00F57B47 /* SummaryDetails.xib in Resources */ = {isa = PBXBuildFile; fileRef = C337303A1CE06C9C00F57B47 /* SummaryDetails.xib */; };
		C33A700E1CC04A9D00B8313C /* TopCollectionsCell.xib in Resources */ = {isa = PBXBuildFile; fileRef = C33A700D1CC04A9D00B8313C /* TopCollectionsCell.xib */; };
		C33A70101CC04C2000B8313C /* TopCollectionsTableViewCell.swift in Sources */ = {isa = PBXBuildFile; fileRef = C33A700F1CC04C2000B8313C /* TopCollectionsTableViewCell.swift */; };
		C33A70141CC05DF400B8313C /* PlanTypesTableViewCell.swift in Sources */ = {isa = PBXBuildFile; fileRef = C33A70131CC05DF400B8313C /* PlanTypesTableViewCell.swift */; };
		C33A70181CC07A1C00B8313C /* TypeCollectionViewCell.swift in Sources */ = {isa = PBXBuildFile; fileRef = C33A70171CC07A1C00B8313C /* TypeCollectionViewCell.swift */; };
		C33A701A1CC07A4900B8313C /* TypeCell.xib in Resources */ = {isa = PBXBuildFile; fileRef = C33A70191CC07A4900B8313C /* TypeCell.xib */; };
		C34889461CC9A7650045EED4 /* top_foodie_plans.json in Resources */ = {isa = PBXBuildFile; fileRef = C34889451CC9A7650045EED4 /* top_foodie_plans.json */; };
		C3978CCE1CB6FC4C001028D5 /* MyPlansViewController.swift in Sources */ = {isa = PBXBuildFile; fileRef = C3978CCD1CB6FC4C001028D5 /* MyPlansViewController.swift */; };
		C3978CD01CB70118001028D5 /* SearchViewController.swift in Sources */ = {isa = PBXBuildFile; fileRef = C3978CCF1CB70118001028D5 /* SearchViewController.swift */; };
		C3978CD21CB85B38001028D5 /* PlansCell.xib in Resources */ = {isa = PBXBuildFile; fileRef = C3978CD11CB85B38001028D5 /* PlansCell.xib */; };
		C3978CD61CB88602001028D5 /* Plan.swift in Sources */ = {isa = PBXBuildFile; fileRef = C3978CD51CB88602001028D5 /* Plan.swift */; };
		C3978CD81CB8860E001028D5 /* User.swift in Sources */ = {isa = PBXBuildFile; fileRef = C3978CD71CB8860E001028D5 /* User.swift */; };
		C3978CDA1CB889DF001028D5 /* Tag.swift in Sources */ = {isa = PBXBuildFile; fileRef = C3978CD91CB889DF001028D5 /* Tag.swift */; };
		C3A7D4051CF515D6009D82F2 /* SearchTagsViewController.swift in Sources */ = {isa = PBXBuildFile; fileRef = C3A7D4041CF515D6009D82F2 /* SearchTagsViewController.swift */; };
		C3A7D4071CF515E5009D82F2 /* SearchDurationViewController.swift in Sources */ = {isa = PBXBuildFile; fileRef = C3A7D4061CF515E5009D82F2 /* SearchDurationViewController.swift */; };
		C3ACD7FF1CDC1487000B2399 /* ItineraryTableViewController.swift in Sources */ = {isa = PBXBuildFile; fileRef = C3ACD7FE1CDC1487000B2399 /* ItineraryTableViewController.swift */; };
		C3ACD8011CDC14ED000B2399 /* ItineraryViewController.swift in Sources */ = {isa = PBXBuildFile; fileRef = C3ACD8001CDC14ED000B2399 /* ItineraryViewController.swift */; };
		C3ACD8031CDC182A000B2399 /* EventTableViewController.swift in Sources */ = {isa = PBXBuildFile; fileRef = C3ACD8021CDC182A000B2399 /* EventTableViewController.swift */; };
		C3ACD8051CDC22DA000B2399 /* SummaryHeader.xib in Resources */ = {isa = PBXBuildFile; fileRef = C3ACD8041CDC22DA000B2399 /* SummaryHeader.xib */; };
		C3ACD8091CDC2CB9000B2399 /* PlanSummaryViewController.swift in Sources */ = {isa = PBXBuildFile; fileRef = C3ACD8081CDC2CB9000B2399 /* PlanSummaryViewController.swift */; };
		C3B150601CB4DD00008E6A4E /* SettingsTableViewController.swift in Sources */ = {isa = PBXBuildFile; fileRef = C3B1505F1CB4DD00008E6A4E /* SettingsTableViewController.swift */; };
		C3B150621CB4DD73008E6A4E /* DiscoverTableViewController.swift in Sources */ = {isa = PBXBuildFile; fileRef = C3B150611CB4DD73008E6A4E /* DiscoverTableViewController.swift */; };
		C3B150641CB4DDAE008E6A4E /* PlansTableViewController.swift in Sources */ = {isa = PBXBuildFile; fileRef = C3B150631CB4DDAE008E6A4E /* PlansTableViewController.swift */; };
		C3B150671CB4DE8E008E6A4E /* LoginTableViewController.swift in Sources */ = {isa = PBXBuildFile; fileRef = C3B150661CB4DE8E008E6A4E /* LoginTableViewController.swift */; };
		C3B1506B1CB4E07D008E6A4E /* TripFriendsViewController.swift in Sources */ = {isa = PBXBuildFile; fileRef = C3B1506A1CB4E07D008E6A4E /* TripFriendsViewController.swift */; };
		C3B1506F1CB4E0F2008E6A4E /* Utilities.storyboard in Resources */ = {isa = PBXBuildFile; fileRef = C3B1506E1CB4E0F2008E6A4E /* Utilities.storyboard */; };
		C3BC14381CE5669100980093 /* Climacons.ttf in Resources */ = {isa = PBXBuildFile; fileRef = C3BC14371CE5669100980093 /* Climacons.ttf */; };
		C3C613F31CE65D8B00DEF329 /* ReportViewController.swift in Sources */ = {isa = PBXBuildFile; fileRef = C3C613F21CE65D8B00DEF329 /* ReportViewController.swift */; };
		C3CD5BE61CB5D4AB0079C0E7 /* PlansTableViewCell.swift in Sources */ = {isa = PBXBuildFile; fileRef = C3CD5BE51CB5D4AB0079C0E7 /* PlansTableViewCell.swift */; };
		C3DBCA661CEE70E000E0F746 /* SearchDestinationViewController.swift in Sources */ = {isa = PBXBuildFile; fileRef = C3DBCA651CEE70E000E0F746 /* SearchDestinationViewController.swift */; };
		C3EC02791CC18FF200CAC4C1 /* ProfileHeader.xib in Resources */ = {isa = PBXBuildFile; fileRef = C3EC02781CC18FF200CAC4C1 /* ProfileHeader.xib */; };
		C3EC027B1CC19ACF00CAC4C1 /* SearchHeader.xib in Resources */ = {isa = PBXBuildFile; fileRef = C3EC027A1CC19ACF00CAC4C1 /* SearchHeader.xib */; };
		C3F915241CCF3F32007B0D00 /* test.json in Resources */ = {isa = PBXBuildFile; fileRef = C3F915231CCF3F32007B0D00 /* test.json */; };
/* End PBXBuildFile section */

/* Begin PBXFileReference section */
		7C809CA33271A5989CE4861B /* Pods-Plango.release.xcconfig */ = {isa = PBXFileReference; includeInIndex = 1; lastKnownFileType = text.xcconfig; name = "Pods-Plango.release.xcconfig"; path = "Pods/Target Support Files/Pods-Plango/Pods-Plango.release.xcconfig"; sourceTree = "<group>"; };
		9EAE4A8321BC528617A5558B /* Pods_Plango.framework */ = {isa = PBXFileReference; explicitFileType = wrapper.framework; includeInIndex = 0; path = Pods_Plango.framework; sourceTree = BUILT_PRODUCTS_DIR; };
		C30C2FE81CBAEF2C00411B8E /* Formatter.swift */ = {isa = PBXFileReference; fileEncoding = 4; lastKnownFileType = sourcecode.swift; path = Formatter.swift; sourceTree = "<group>"; };
		C31AC4181CADD7150032230E /* Plango.swift */ = {isa = PBXFileReference; fileEncoding = 4; lastKnownFileType = sourcecode.swift; path = Plango.swift; sourceTree = "<group>"; };
		C31AC4191CADD7150032230E /* Extensions.swift */ = {isa = PBXFileReference; fileEncoding = 4; lastKnownFileType = sourcecode.swift; path = Extensions.swift; sourceTree = "<group>"; };
		C31AC41A1CADD7150032230E /* GlobalEnums.swift */ = {isa = PBXFileReference; fileEncoding = 4; lastKnownFileType = sourcecode.swift; path = GlobalEnums.swift; sourceTree = "<group>"; };
		C31AC41B1CADD7150032230E /* Helper.swift */ = {isa = PBXFileReference; fileEncoding = 4; lastKnownFileType = sourcecode.swift; path = Helper.swift; sourceTree = "<group>"; };
		C31AC4201CADD7520032230E /* SelectionLayer.swift */ = {isa = PBXFileReference; fileEncoding = 4; lastKnownFileType = sourcecode.swift; path = SelectionLayer.swift; sourceTree = "<group>"; };
		C3237E221CADC402008293D6 /* Plango.app */ = {isa = PBXFileReference; explicitFileType = wrapper.application; includeInIndex = 0; path = Plango.app; sourceTree = BUILT_PRODUCTS_DIR; };
		C3237E251CADC402008293D6 /* AppDelegate.swift */ = {isa = PBXFileReference; lastKnownFileType = sourcecode.swift; path = AppDelegate.swift; sourceTree = "<group>"; };
		C3237E2A1CADC402008293D6 /* Base */ = {isa = PBXFileReference; lastKnownFileType = file.storyboard; name = Base; path = Base.lproj/Main.storyboard; sourceTree = "<group>"; };
		C3237E2C1CADC402008293D6 /* Assets.xcassets */ = {isa = PBXFileReference; lastKnownFileType = folder.assetcatalog; path = Assets.xcassets; sourceTree = "<group>"; };
		C3237E2F1CADC402008293D6 /* Base */ = {isa = PBXFileReference; lastKnownFileType = file.storyboard; name = Base; path = Base.lproj/LaunchScreen.storyboard; sourceTree = "<group>"; };
		C3237E311CADC402008293D6 /* Info.plist */ = {isa = PBXFileReference; lastKnownFileType = text.plist.xml; path = Info.plist; sourceTree = "<group>"; };
		C33730381CDFFE3000F57B47 /* SummaryStart.xib */ = {isa = PBXFileReference; fileEncoding = 4; lastKnownFileType = file.xib; path = SummaryStart.xib; sourceTree = "<group>"; };
		C337303A1CE06C9C00F57B47 /* SummaryDetails.xib */ = {isa = PBXFileReference; fileEncoding = 4; lastKnownFileType = file.xib; path = SummaryDetails.xib; sourceTree = "<group>"; };
		C33A700D1CC04A9D00B8313C /* TopCollectionsCell.xib */ = {isa = PBXFileReference; fileEncoding = 4; lastKnownFileType = file.xib; path = TopCollectionsCell.xib; sourceTree = "<group>"; };
		C33A700F1CC04C2000B8313C /* TopCollectionsTableViewCell.swift */ = {isa = PBXFileReference; fileEncoding = 4; lastKnownFileType = sourcecode.swift; path = TopCollectionsTableViewCell.swift; sourceTree = "<group>"; };
		C33A70131CC05DF400B8313C /* PlanTypesTableViewCell.swift */ = {isa = PBXFileReference; fileEncoding = 4; lastKnownFileType = sourcecode.swift; path = PlanTypesTableViewCell.swift; sourceTree = "<group>"; };
		C33A70171CC07A1C00B8313C /* TypeCollectionViewCell.swift */ = {isa = PBXFileReference; fileEncoding = 4; lastKnownFileType = sourcecode.swift; path = TypeCollectionViewCell.swift; sourceTree = "<group>"; };
		C33A70191CC07A4900B8313C /* TypeCell.xib */ = {isa = PBXFileReference; fileEncoding = 4; lastKnownFileType = file.xib; path = TypeCell.xib; sourceTree = "<group>"; };
		C34889451CC9A7650045EED4 /* top_foodie_plans.json */ = {isa = PBXFileReference; fileEncoding = 4; lastKnownFileType = text.json; path = top_foodie_plans.json; sourceTree = "<group>"; };
		C3978CCD1CB6FC4C001028D5 /* MyPlansViewController.swift */ = {isa = PBXFileReference; fileEncoding = 4; lastKnownFileType = sourcecode.swift; path = MyPlansViewController.swift; sourceTree = "<group>"; };
		C3978CCF1CB70118001028D5 /* SearchViewController.swift */ = {isa = PBXFileReference; fileEncoding = 4; lastKnownFileType = sourcecode.swift; path = SearchViewController.swift; sourceTree = "<group>"; };
		C3978CD11CB85B38001028D5 /* PlansCell.xib */ = {isa = PBXFileReference; fileEncoding = 4; lastKnownFileType = file.xib; path = PlansCell.xib; sourceTree = "<group>"; };
		C3978CD51CB88602001028D5 /* Plan.swift */ = {isa = PBXFileReference; fileEncoding = 4; lastKnownFileType = sourcecode.swift; path = Plan.swift; sourceTree = "<group>"; };
		C3978CD71CB8860E001028D5 /* User.swift */ = {isa = PBXFileReference; fileEncoding = 4; lastKnownFileType = sourcecode.swift; path = User.swift; sourceTree = "<group>"; };
		C3978CD91CB889DF001028D5 /* Tag.swift */ = {isa = PBXFileReference; fileEncoding = 4; lastKnownFileType = sourcecode.swift; path = Tag.swift; sourceTree = "<group>"; };
		C3A7D4041CF515D6009D82F2 /* SearchTagsViewController.swift */ = {isa = PBXFileReference; fileEncoding = 4; lastKnownFileType = sourcecode.swift; path = SearchTagsViewController.swift; sourceTree = "<group>"; };
		C3A7D4061CF515E5009D82F2 /* SearchDurationViewController.swift */ = {isa = PBXFileReference; fileEncoding = 4; lastKnownFileType = sourcecode.swift; path = SearchDurationViewController.swift; sourceTree = "<group>"; };
		C3ACD7FE1CDC1487000B2399 /* ItineraryTableViewController.swift */ = {isa = PBXFileReference; fileEncoding = 4; lastKnownFileType = sourcecode.swift; path = ItineraryTableViewController.swift; sourceTree = "<group>"; };
		C3ACD8001CDC14ED000B2399 /* ItineraryViewController.swift */ = {isa = PBXFileReference; fileEncoding = 4; lastKnownFileType = sourcecode.swift; path = ItineraryViewController.swift; sourceTree = "<group>"; };
		C3ACD8021CDC182A000B2399 /* EventTableViewController.swift */ = {isa = PBXFileReference; fileEncoding = 4; lastKnownFileType = sourcecode.swift; path = EventTableViewController.swift; sourceTree = "<group>"; };
		C3ACD8041CDC22DA000B2399 /* SummaryHeader.xib */ = {isa = PBXFileReference; fileEncoding = 4; lastKnownFileType = file.xib; path = SummaryHeader.xib; sourceTree = "<group>"; };
		C3ACD8081CDC2CB9000B2399 /* PlanSummaryViewController.swift */ = {isa = PBXFileReference; fileEncoding = 4; lastKnownFileType = sourcecode.swift; path = PlanSummaryViewController.swift; sourceTree = "<group>"; };
		C3B1505F1CB4DD00008E6A4E /* SettingsTableViewController.swift */ = {isa = PBXFileReference; fileEncoding = 4; lastKnownFileType = sourcecode.swift; path = SettingsTableViewController.swift; sourceTree = "<group>"; };
		C3B150611CB4DD73008E6A4E /* DiscoverTableViewController.swift */ = {isa = PBXFileReference; fileEncoding = 4; lastKnownFileType = sourcecode.swift; path = DiscoverTableViewController.swift; sourceTree = "<group>"; };
		C3B150631CB4DDAE008E6A4E /* PlansTableViewController.swift */ = {isa = PBXFileReference; fileEncoding = 4; lastKnownFileType = sourcecode.swift; path = PlansTableViewController.swift; sourceTree = "<group>"; };
		C3B150661CB4DE8E008E6A4E /* LoginTableViewController.swift */ = {isa = PBXFileReference; fileEncoding = 4; lastKnownFileType = sourcecode.swift; path = LoginTableViewController.swift; sourceTree = "<group>"; };
		C3B1506A1CB4E07D008E6A4E /* TripFriendsViewController.swift */ = {isa = PBXFileReference; fileEncoding = 4; lastKnownFileType = sourcecode.swift; path = TripFriendsViewController.swift; sourceTree = "<group>"; };
		C3B1506E1CB4E0F2008E6A4E /* Utilities.storyboard */ = {isa = PBXFileReference; fileEncoding = 4; lastKnownFileType = file.storyboard; path = Utilities.storyboard; sourceTree = "<group>"; };
		C3BC14371CE5669100980093 /* Climacons.ttf */ = {isa = PBXFileReference; lastKnownFileType = file; path = Climacons.ttf; sourceTree = "<group>"; };
		C3C613F21CE65D8B00DEF329 /* ReportViewController.swift */ = {isa = PBXFileReference; fileEncoding = 4; lastKnownFileType = sourcecode.swift; path = ReportViewController.swift; sourceTree = "<group>"; };
		C3CD5BE51CB5D4AB0079C0E7 /* PlansTableViewCell.swift */ = {isa = PBXFileReference; fileEncoding = 4; lastKnownFileType = sourcecode.swift; path = PlansTableViewCell.swift; sourceTree = "<group>"; };
		C3DBCA651CEE70E000E0F746 /* SearchDestinationViewController.swift */ = {isa = PBXFileReference; fileEncoding = 4; lastKnownFileType = sourcecode.swift; path = SearchDestinationViewController.swift; sourceTree = "<group>"; };
		C3EC02781CC18FF200CAC4C1 /* ProfileHeader.xib */ = {isa = PBXFileReference; fileEncoding = 4; lastKnownFileType = file.xib; path = ProfileHeader.xib; sourceTree = "<group>"; };
		C3EC027A1CC19ACF00CAC4C1 /* SearchHeader.xib */ = {isa = PBXFileReference; fileEncoding = 4; lastKnownFileType = file.xib; path = SearchHeader.xib; sourceTree = "<group>"; };
		C3F915231CCF3F32007B0D00 /* test.json */ = {isa = PBXFileReference; fileEncoding = 4; lastKnownFileType = text.json; path = test.json; sourceTree = "<group>"; };
		D3C9D302F55D77443409D8D3 /* Pods-Plango.debug.xcconfig */ = {isa = PBXFileReference; includeInIndex = 1; lastKnownFileType = text.xcconfig; name = "Pods-Plango.debug.xcconfig"; path = "Pods/Target Support Files/Pods-Plango/Pods-Plango.debug.xcconfig"; sourceTree = "<group>"; };
/* End PBXFileReference section */

/* Begin PBXFrameworksBuildPhase section */
		C3237E1F1CADC402008293D6 /* Frameworks */ = {
			isa = PBXFrameworksBuildPhase;
			buildActionMask = 2147483647;
			files = (
				B1BC5F3F9390FA6571B87A27 /* Pods_Plango.framework in Frameworks */,
			);
			runOnlyForDeploymentPostprocessing = 0;
		};
/* End PBXFrameworksBuildPhase section */

/* Begin PBXGroup section */
		4B35C87DADCBE42054F46394 /* Pods */ = {
			isa = PBXGroup;
			children = (
				D3C9D302F55D77443409D8D3 /* Pods-Plango.debug.xcconfig */,
				7C809CA33271A5989CE4861B /* Pods-Plango.release.xcconfig */,
			);
			name = Pods;
			sourceTree = "<group>";
		};
		91F5D24DF14142FC538102D6 /* Frameworks */ = {
			isa = PBXGroup;
			children = (
				9EAE4A8321BC528617A5558B /* Pods_Plango.framework */,
			);
			name = Frameworks;
			sourceTree = "<group>";
		};
		C31AC4221CADD84C0032230E /* Helpers */ = {
			isa = PBXGroup;
			children = (
				C30C2FE81CBAEF2C00411B8E /* Formatter.swift */,
				C31AC4191CADD7150032230E /* Extensions.swift */,
				C31AC41A1CADD7150032230E /* GlobalEnums.swift */,
				C31AC41B1CADD7150032230E /* Helper.swift */,
				C31AC4201CADD7520032230E /* SelectionLayer.swift */,
			);
			name = Helpers;
			sourceTree = "<group>";
		};
		C3237E191CADC402008293D6 = {
			isa = PBXGroup;
			children = (
				C3237E241CADC402008293D6 /* Plango */,
				C3237E231CADC402008293D6 /* Products */,
				4B35C87DADCBE42054F46394 /* Pods */,
				91F5D24DF14142FC538102D6 /* Frameworks */,
			);
			sourceTree = "<group>";
		};
		C3237E231CADC402008293D6 /* Products */ = {
			isa = PBXGroup;
			children = (
				C3237E221CADC402008293D6 /* Plango.app */,
			);
			name = Products;
			sourceTree = "<group>";
		};
		C3237E241CADC402008293D6 /* Plango */ = {
			isa = PBXGroup;
			children = (
				C3B150651CB4DDEE008E6A4E /* Main Scene */,
				C3ACD7FD1CDC1311000B2399 /* Plan Scene */,
				C3B1506C1CB4E09A008E6A4E /* Utilities Scene */,
				C3B1506D1CB4E0A5008E6A4E /* Data Model */,
				C31AC4221CADD84C0032230E /* Helpers */,
				C3237E251CADC402008293D6 /* AppDelegate.swift */,
				C3BC14371CE5669100980093 /* Climacons.ttf */,
				C3237E2C1CADC402008293D6 /* Assets.xcassets */,
				C34889451CC9A7650045EED4 /* top_foodie_plans.json */,
				C3F915231CCF3F32007B0D00 /* test.json */,
				C3237E2E1CADC402008293D6 /* LaunchScreen.storyboard */,
				C3237E311CADC402008293D6 /* Info.plist */,
			);
			path = Plango;
			sourceTree = "<group>";
		};
		C3ACD7FD1CDC1311000B2399 /* Plan Scene */ = {
			isa = PBXGroup;
			children = (
				C3ACD8041CDC22DA000B2399 /* SummaryHeader.xib */,
				C3ACD7FE1CDC1487000B2399 /* ItineraryTableViewController.swift */,
				C3ACD8081CDC2CB9000B2399 /* PlanSummaryViewController.swift */,
				C337303A1CE06C9C00F57B47 /* SummaryDetails.xib */,
				C33730381CDFFE3000F57B47 /* SummaryStart.xib */,
				C3ACD8001CDC14ED000B2399 /* ItineraryViewController.swift */,
				C3ACD8021CDC182A000B2399 /* EventTableViewController.swift */,
			);
			name = "Plan Scene";
			sourceTree = "<group>";
		};
		C3B150651CB4DDEE008E6A4E /* Main Scene */ = {
			isa = PBXGroup;
			children = (
				C3237E291CADC402008293D6 /* Main.storyboard */,
				C3978CCD1CB6FC4C001028D5 /* MyPlansViewController.swift */,
				C3EC02781CC18FF200CAC4C1 /* ProfileHeader.xib */,
				C3B150611CB4DD73008E6A4E /* DiscoverTableViewController.swift */,
				C33A700F1CC04C2000B8313C /* TopCollectionsTableViewCell.swift */,
				C33A700D1CC04A9D00B8313C /* TopCollectionsCell.xib */,
				C3B150631CB4DDAE008E6A4E /* PlansTableViewController.swift */,
				C3CD5BE51CB5D4AB0079C0E7 /* PlansTableViewCell.swift */,
				C3978CD11CB85B38001028D5 /* PlansCell.xib */,
				C33A70131CC05DF400B8313C /* PlanTypesTableViewCell.swift */,
				C33A70171CC07A1C00B8313C /* TypeCollectionViewCell.swift */,
				C33A70191CC07A4900B8313C /* TypeCell.xib */,
			);
			name = "Main Scene";
			sourceTree = "<group>";
		};
		C3B1506C1CB4E09A008E6A4E /* Utilities Scene */ = {
			isa = PBXGroup;
			children = (
				C3B1506E1CB4E0F2008E6A4E /* Utilities.storyboard */,
				C3B1505F1CB4DD00008E6A4E /* SettingsTableViewController.swift */,
				C3B150661CB4DE8E008E6A4E /* LoginTableViewController.swift */,
				C3C613F21CE65D8B00DEF329 /* ReportViewController.swift */,
				C3978CCF1CB70118001028D5 /* SearchViewController.swift */,
				C3A7D4041CF515D6009D82F2 /* SearchTagsViewController.swift */,
				C3A7D4061CF515E5009D82F2 /* SearchDurationViewController.swift */,
				C3DBCA651CEE70E000E0F746 /* SearchDestinationViewController.swift */,
				C3EC027A1CC19ACF00CAC4C1 /* SearchHeader.xib */,
				C3B1506A1CB4E07D008E6A4E /* TripFriendsViewController.swift */,
			);
			name = "Utilities Scene";
			sourceTree = "<group>";
		};
		C3B1506D1CB4E0A5008E6A4E /* Data Model */ = {
			isa = PBXGroup;
			children = (
				C3978CD51CB88602001028D5 /* Plan.swift */,
				C3978CD71CB8860E001028D5 /* User.swift */,
				C3978CD91CB889DF001028D5 /* Tag.swift */,
				C31AC4181CADD7150032230E /* Plango.swift */,
			);
			name = "Data Model";
			sourceTree = "<group>";
		};
/* End PBXGroup section */

/* Begin PBXNativeTarget section */
		C3237E211CADC402008293D6 /* Plango */ = {
			isa = PBXNativeTarget;
			buildConfigurationList = C3237E341CADC402008293D6 /* Build configuration list for PBXNativeTarget "Plango" */;
			buildPhases = (
				40AD5ADD2EBA5365B15C7786 /* 📦 Check Pods Manifest.lock */,
				C3237E1E1CADC402008293D6 /* Sources */,
				C3237E1F1CADC402008293D6 /* Frameworks */,
				C3237E201CADC402008293D6 /* Resources */,
				A41BF27B3ECEF17342B66556 /* 📦 Embed Pods Frameworks */,
				0EEAEF76E76451CEDB0507AD /* 📦 Copy Pods Resources */,
			);
			buildRules = (
			);
			dependencies = (
			);
			name = Plango;
			productName = Plango;
			productReference = C3237E221CADC402008293D6 /* Plango.app */;
			productType = "com.apple.product-type.application";
		};
/* End PBXNativeTarget section */

/* Begin PBXProject section */
		C3237E1A1CADC402008293D6 /* Project object */ = {
			isa = PBXProject;
			attributes = {
				LastSwiftUpdateCheck = 0730;
				LastUpgradeCheck = 0730;
				ORGANIZATIONNAME = madebydouglas;
				TargetAttributes = {
					C3237E211CADC402008293D6 = {
						CreatedOnToolsVersion = 7.3;
					};
				};
			};
			buildConfigurationList = C3237E1D1CADC402008293D6 /* Build configuration list for PBXProject "Plango" */;
			compatibilityVersion = "Xcode 3.2";
			developmentRegion = English;
			hasScannedForEncodings = 0;
			knownRegions = (
				en,
				Base,
			);
			mainGroup = C3237E191CADC402008293D6;
			productRefGroup = C3237E231CADC402008293D6 /* Products */;
			projectDirPath = "";
			projectRoot = "";
			targets = (
				C3237E211CADC402008293D6 /* Plango */,
			);
		};
/* End PBXProject section */

/* Begin PBXResourcesBuildPhase section */
		C3237E201CADC402008293D6 /* Resources */ = {
			isa = PBXResourcesBuildPhase;
			buildActionMask = 2147483647;
			files = (
				C3237E301CADC402008293D6 /* LaunchScreen.storyboard in Resources */,
				C34889461CC9A7650045EED4 /* top_foodie_plans.json in Resources */,
				C33A700E1CC04A9D00B8313C /* TopCollectionsCell.xib in Resources */,
				C3BC14381CE5669100980093 /* Climacons.ttf in Resources */,
				C3978CD21CB85B38001028D5 /* PlansCell.xib in Resources */,
				C33730391CDFFE3000F57B47 /* SummaryStart.xib in Resources */,
				C3237E2D1CADC402008293D6 /* Assets.xcassets in Resources */,
				C3ACD8051CDC22DA000B2399 /* SummaryHeader.xib in Resources */,
				C337303B1CE06C9C00F57B47 /* SummaryDetails.xib in Resources */,
				C3EC02791CC18FF200CAC4C1 /* ProfileHeader.xib in Resources */,
				C3237E2B1CADC402008293D6 /* Main.storyboard in Resources */,
				C3B1506F1CB4E0F2008E6A4E /* Utilities.storyboard in Resources */,
				C33A701A1CC07A4900B8313C /* TypeCell.xib in Resources */,
				C3F915241CCF3F32007B0D00 /* test.json in Resources */,
				C3EC027B1CC19ACF00CAC4C1 /* SearchHeader.xib in Resources */,
			);
			runOnlyForDeploymentPostprocessing = 0;
		};
/* End PBXResourcesBuildPhase section */

/* Begin PBXShellScriptBuildPhase section */
		0EEAEF76E76451CEDB0507AD /* 📦 Copy Pods Resources */ = {
			isa = PBXShellScriptBuildPhase;
			buildActionMask = 2147483647;
			files = (
			);
			inputPaths = (
			);
			name = "📦 Copy Pods Resources";
			outputPaths = (
			);
			runOnlyForDeploymentPostprocessing = 0;
			shellPath = /bin/sh;
			shellScript = "\"${SRCROOT}/Pods/Target Support Files/Pods-Plango/Pods-Plango-resources.sh\"\n";
			showEnvVarsInLog = 0;
		};
		40AD5ADD2EBA5365B15C7786 /* 📦 Check Pods Manifest.lock */ = {
			isa = PBXShellScriptBuildPhase;
			buildActionMask = 2147483647;
			files = (
			);
			inputPaths = (
			);
			name = "📦 Check Pods Manifest.lock";
			outputPaths = (
			);
			runOnlyForDeploymentPostprocessing = 0;
			shellPath = /bin/sh;
			shellScript = "diff \"${PODS_ROOT}/../Podfile.lock\" \"${PODS_ROOT}/Manifest.lock\" > /dev/null\nif [[ $? != 0 ]] ; then\n    cat << EOM\nerror: The sandbox is not in sync with the Podfile.lock. Run 'pod install' or update your CocoaPods installation.\nEOM\n    exit 1\nfi\n";
			showEnvVarsInLog = 0;
		};
		A41BF27B3ECEF17342B66556 /* 📦 Embed Pods Frameworks */ = {
			isa = PBXShellScriptBuildPhase;
			buildActionMask = 2147483647;
			files = (
			);
			inputPaths = (
			);
			name = "📦 Embed Pods Frameworks";
			outputPaths = (
			);
			runOnlyForDeploymentPostprocessing = 0;
			shellPath = /bin/sh;
			shellScript = "\"${SRCROOT}/Pods/Target Support Files/Pods-Plango/Pods-Plango-frameworks.sh\"\n";
			showEnvVarsInLog = 0;
		};
/* End PBXShellScriptBuildPhase section */

/* Begin PBXSourcesBuildPhase section */
		C3237E1E1CADC402008293D6 /* Sources */ = {
			isa = PBXSourcesBuildPhase;
			buildActionMask = 2147483647;
			files = (
				C33A70181CC07A1C00B8313C /* TypeCollectionViewCell.swift in Sources */,
				C3978CD61CB88602001028D5 /* Plan.swift in Sources */,
				C30C2FE91CBAEF2C00411B8E /* Formatter.swift in Sources */,
				C33A70141CC05DF400B8313C /* PlanTypesTableViewCell.swift in Sources */,
				C3B150641CB4DDAE008E6A4E /* PlansTableViewController.swift in Sources */,
				C31AC4211CADD7520032230E /* SelectionLayer.swift in Sources */,
				C3ACD8011CDC14ED000B2399 /* ItineraryViewController.swift in Sources */,
				C3DBCA661CEE70E000E0F746 /* SearchDestinationViewController.swift in Sources */,
				C31AC41C1CADD7150032230E /* Plango.swift in Sources */,
				C3A7D4051CF515D6009D82F2 /* SearchTagsViewController.swift in Sources */,
				C3237E261CADC402008293D6 /* AppDelegate.swift in Sources */,
				C3978CDA1CB889DF001028D5 /* Tag.swift in Sources */,
				C3ACD8091CDC2CB9000B2399 /* PlanSummaryViewController.swift in Sources */,
				C33A70101CC04C2000B8313C /* TopCollectionsTableViewCell.swift in Sources */,
				C3B150621CB4DD73008E6A4E /* DiscoverTableViewController.swift in Sources */,
				C3978CD81CB8860E001028D5 /* User.swift in Sources */,
				C3C613F31CE65D8B00DEF329 /* ReportViewController.swift in Sources */,
				C3ACD7FF1CDC1487000B2399 /* ItineraryTableViewController.swift in Sources */,
				C3978CCE1CB6FC4C001028D5 /* MyPlansViewController.swift in Sources */,
				C3B150671CB4DE8E008E6A4E /* LoginTableViewController.swift in Sources */,
				C31AC41E1CADD7150032230E /* GlobalEnums.swift in Sources */,
				C3978CD01CB70118001028D5 /* SearchViewController.swift in Sources */,
				C3ACD8031CDC182A000B2399 /* EventTableViewController.swift in Sources */,
				C31AC41D1CADD7150032230E /* Extensions.swift in Sources */,
				C31AC41F1CADD7150032230E /* Helper.swift in Sources */,
				C3CD5BE61CB5D4AB0079C0E7 /* PlansTableViewCell.swift in Sources */,
				C3B150601CB4DD00008E6A4E /* SettingsTableViewController.swift in Sources */,
				C3A7D4071CF515E5009D82F2 /* SearchDurationViewController.swift in Sources */,
				C3B1506B1CB4E07D008E6A4E /* TripFriendsViewController.swift in Sources */,
			);
			runOnlyForDeploymentPostprocessing = 0;
		};
/* End PBXSourcesBuildPhase section */

/* Begin PBXVariantGroup section */
		C3237E291CADC402008293D6 /* Main.storyboard */ = {
			isa = PBXVariantGroup;
			children = (
				C3237E2A1CADC402008293D6 /* Base */,
			);
			name = Main.storyboard;
			sourceTree = "<group>";
		};
		C3237E2E1CADC402008293D6 /* LaunchScreen.storyboard */ = {
			isa = PBXVariantGroup;
			children = (
				C3237E2F1CADC402008293D6 /* Base */,
			);
			name = LaunchScreen.storyboard;
			sourceTree = "<group>";
		};
/* End PBXVariantGroup section */

/* Begin XCBuildConfiguration section */
		C3237E321CADC402008293D6 /* Debug */ = {
			isa = XCBuildConfiguration;
			buildSettings = {
				ALWAYS_SEARCH_USER_PATHS = NO;
				CLANG_ANALYZER_NONNULL = YES;
				CLANG_CXX_LANGUAGE_STANDARD = "gnu++0x";
				CLANG_CXX_LIBRARY = "libc++";
				CLANG_ENABLE_MODULES = YES;
				CLANG_ENABLE_OBJC_ARC = YES;
				CLANG_WARN_BOOL_CONVERSION = YES;
				CLANG_WARN_CONSTANT_CONVERSION = YES;
				CLANG_WARN_DIRECT_OBJC_ISA_USAGE = YES_ERROR;
				CLANG_WARN_EMPTY_BODY = YES;
				CLANG_WARN_ENUM_CONVERSION = YES;
				CLANG_WARN_INT_CONVERSION = YES;
				CLANG_WARN_OBJC_ROOT_CLASS = YES_ERROR;
				CLANG_WARN_UNREACHABLE_CODE = YES;
				CLANG_WARN__DUPLICATE_METHOD_MATCH = YES;
				"CODE_SIGN_IDENTITY[sdk=iphoneos*]" = "iPhone Developer";
				COPY_PHASE_STRIP = NO;
				DEBUG_INFORMATION_FORMAT = dwarf;
				ENABLE_STRICT_OBJC_MSGSEND = YES;
				ENABLE_TESTABILITY = YES;
				GCC_C_LANGUAGE_STANDARD = gnu99;
				GCC_DYNAMIC_NO_PIC = NO;
				GCC_NO_COMMON_BLOCKS = YES;
				GCC_OPTIMIZATION_LEVEL = 0;
				GCC_PREPROCESSOR_DEFINITIONS = (
					"DEBUG=1",
					"$(inherited)",
				);
				GCC_WARN_64_TO_32_BIT_CONVERSION = YES;
				GCC_WARN_ABOUT_RETURN_TYPE = YES_ERROR;
				GCC_WARN_UNDECLARED_SELECTOR = YES;
				GCC_WARN_UNINITIALIZED_AUTOS = YES_AGGRESSIVE;
				GCC_WARN_UNUSED_FUNCTION = YES;
				GCC_WARN_UNUSED_VARIABLE = YES;
				IPHONEOS_DEPLOYMENT_TARGET = 9.3;
				MTL_ENABLE_DEBUG_INFO = YES;
				ONLY_ACTIVE_ARCH = YES;
				SDKROOT = iphoneos;
				SWIFT_OPTIMIZATION_LEVEL = "-Onone";
			};
			name = Debug;
		};
		C3237E331CADC402008293D6 /* Release */ = {
			isa = XCBuildConfiguration;
			buildSettings = {
				ALWAYS_SEARCH_USER_PATHS = NO;
				CLANG_ANALYZER_NONNULL = YES;
				CLANG_CXX_LANGUAGE_STANDARD = "gnu++0x";
				CLANG_CXX_LIBRARY = "libc++";
				CLANG_ENABLE_MODULES = YES;
				CLANG_ENABLE_OBJC_ARC = YES;
				CLANG_WARN_BOOL_CONVERSION = YES;
				CLANG_WARN_CONSTANT_CONVERSION = YES;
				CLANG_WARN_DIRECT_OBJC_ISA_USAGE = YES_ERROR;
				CLANG_WARN_EMPTY_BODY = YES;
				CLANG_WARN_ENUM_CONVERSION = YES;
				CLANG_WARN_INT_CONVERSION = YES;
				CLANG_WARN_OBJC_ROOT_CLASS = YES_ERROR;
				CLANG_WARN_UNREACHABLE_CODE = YES;
				CLANG_WARN__DUPLICATE_METHOD_MATCH = YES;
				"CODE_SIGN_IDENTITY[sdk=iphoneos*]" = "iPhone Developer";
				COPY_PHASE_STRIP = NO;
				DEBUG_INFORMATION_FORMAT = "dwarf-with-dsym";
				ENABLE_NS_ASSERTIONS = NO;
				ENABLE_STRICT_OBJC_MSGSEND = YES;
				GCC_C_LANGUAGE_STANDARD = gnu99;
				GCC_NO_COMMON_BLOCKS = YES;
				GCC_WARN_64_TO_32_BIT_CONVERSION = YES;
				GCC_WARN_ABOUT_RETURN_TYPE = YES_ERROR;
				GCC_WARN_UNDECLARED_SELECTOR = YES;
				GCC_WARN_UNINITIALIZED_AUTOS = YES_AGGRESSIVE;
				GCC_WARN_UNUSED_FUNCTION = YES;
				GCC_WARN_UNUSED_VARIABLE = YES;
				IPHONEOS_DEPLOYMENT_TARGET = 9.3;
				MTL_ENABLE_DEBUG_INFO = NO;
				SDKROOT = iphoneos;
				VALIDATE_PRODUCT = YES;
			};
			name = Release;
		};
		C3237E351CADC402008293D6 /* Debug */ = {
			isa = XCBuildConfiguration;
			baseConfigurationReference = D3C9D302F55D77443409D8D3 /* Pods-Plango.debug.xcconfig */;
			buildSettings = {
				APP_DISPLAY_NAME = dev.Plango;
				ASSETCATALOG_COMPILER_APPICON_NAME = AppIcon;
				BASE_ENDPOINT = dev.plango.us;
				INFOPLIST_FILE = Plango/Info.plist;
				LD_RUNPATH_SEARCH_PATHS = "$(inherited) @executable_path/Frameworks";
				PRODUCT_BUNDLE_IDENTIFIER = com.madebydouglas.Plango.Dev;
				PRODUCT_NAME = "$(TARGET_NAME)";
			};
			name = Debug;
		};
		C3237E361CADC402008293D6 /* Release */ = {
			isa = XCBuildConfiguration;
			baseConfigurationReference = 7C809CA33271A5989CE4861B /* Pods-Plango.release.xcconfig */;
			buildSettings = {
				APP_DISPLAY_NAME = Plango;
				ASSETCATALOG_COMPILER_APPICON_NAME = AppIcon;
				BASE_ENDPOINT = www.plango.us;
				INFOPLIST_FILE = Plango/Info.plist;
				LD_RUNPATH_SEARCH_PATHS = "$(inherited) @executable_path/Frameworks";
				PRODUCT_BUNDLE_IDENTIFIER = com.madebydouglas.Plango;
				PRODUCT_NAME = "$(TARGET_NAME)";
			};
			name = Release;
		};
/* End XCBuildConfiguration section */

/* Begin XCConfigurationList section */
		C3237E1D1CADC402008293D6 /* Build configuration list for PBXProject "Plango" */ = {
			isa = XCConfigurationList;
			buildConfigurations = (
				C3237E321CADC402008293D6 /* Debug */,
				C3237E331CADC402008293D6 /* Release */,
			);
			defaultConfigurationIsVisible = 0;
			defaultConfigurationName = Release;
		};
		C3237E341CADC402008293D6 /* Build configuration list for PBXNativeTarget "Plango" */ = {
			isa = XCConfigurationList;
			buildConfigurations = (
				C3237E351CADC402008293D6 /* Debug */,
				C3237E361CADC402008293D6 /* Release */,
			);
			defaultConfigurationIsVisible = 0;
			defaultConfigurationName = Release;
		};
/* End XCConfigurationList section */
	};
	rootObject = C3237E1A1CADC402008293D6 /* Project object */;
}
